<Solution>
  <Project Path="NetworkTrafficGuard.Core/NetworkTrafficGuard.Core.csproj" />
  <Project Path="NetworkTrafficGuard.Service/NetworkTrafficGuard.Service.csproj" />
  <Project Path="NetworkTrafficGuard.Tests/NetworkTrafficGuard.Tests.csproj" />
  <Project Path="NetworkTrafficGuard.Tray/NetworkTrafficGuard.Tray.csproj" />
  <Project Path="NetworkTrafficGuard.Windows/NetworkTrafficGuard.Windows.csproj" />
</Solution>
